
Microsoft Visual Studio Solution File, Format Version 12.00
# Visual Studio Version 16
VisualStudioVersion = 16.0.29306.81
MinimumVisualStudioVersion = 10.0.40219.1
Project("{FAE04EC0-301F-11D3-BF4B-00C04F79EFBC}") = "bookinghelper", "bookinghelper\bookinghelper.csproj", "{3DFD0AA5-D188-46DC-8B5C-522F0BD6826D}"
EndProject
Project("{FAE04EC0-301F-11D3-BF4B-00C04F79EFBC}") = "BookingTest", "BookingTest\BookingTest.csproj", "{3D7BDA6F-A615-46F0-AE90-B91BD10A86EA}"
EndProject
Global
	GlobalSection(SolutionConfigurationPlatforms) = preSolution
		Debug|Any CPU = Debug|Any CPU
		Release|Any CPU = Release|Any CPU
	EndGlobalSection
	GlobalSection(ProjectConfigurationPlatforms) = postSolution
		{3DFD0AA5-D188-46DC-8B5C-522F0BD6826D}.Debug|Any CPU.ActiveCfg = Debug|Any CPU
		{3DFD0AA5-D188-46DC-8B5C-522F0BD6826D}.Debug|Any CPU.Build.0 = Debug|Any CPU
		{3DFD0AA5-D188-46DC-8B5C-522F0BD6826D}.Release|Any CPU.ActiveCfg = Release|Any CPU
		{3DFD0AA5-D188-46DC-8B5C-522F0BD6826D}.Release|Any CPU.Build.0 = Release|Any CPU
		{3D7BDA6F-A615-46F0-AE90-B91BD10A86EA}.Debug|Any CPU.ActiveCfg = Debug|Any CPU
		{3D7BDA6F-A615-46F0-AE90-B91BD10A86EA}.Debug|Any CPU.Build.0 = Debug|Any CPU
		{3D7BDA6F-A615-46F0-AE90-B91BD10A86EA}.Release|Any CPU.ActiveCfg = Release|Any CPU
		{3D7BDA6F-A615-46F0-AE90-B91BD10A86EA}.Release|Any CPU.Build.0 = Release|Any CPU
	EndGlobalSection
	GlobalSection(SolutionProperties) = preSolution
		HideSolutionNode = FALSE
	EndGlobalSection
	GlobalSection(ExtensibilityGlobals) = postSolution
		SolutionGuid = {3E72FC79-C6DA-49BB-A874-A189C7DAADA5}
	EndGlobalSection
EndGlobal
